
Microsoft Visual Studio Solution File, Format Version 12.00
# Visual Studio Version 16
VisualStudioVersion = 16.0.30907.101
MinimumVisualStudioVersion = 10.0.40219.1
Project("{FAE04EC0-301F-11D3-BF4B-00C04F79EFBC}") = "CoreAndFood", "CoreAndFood\CoreAndFood.csproj", "{A22B9EDE-1F02-4870-ABA1-1BD28D37E2DE}"
EndProject
Global
	GlobalSection(SolutionConfigurationPlatforms) = preSolution
		Debug|Any CPU = Debug|Any CPU
		Release|Any CPU = Release|Any CPU
	EndGlobalSection
	GlobalSection(ProjectConfigurationPlatforms) = postSolution
		{A22B9EDE-1F02-4870-ABA1-1BD28D37E2DE}.Debug|Any CPU.ActiveCfg = Debug|Any CPU
		{A22B9EDE-1F02-4870-ABA1-1BD28D37E2DE}.Debug|Any CPU.Build.0 = Debug|Any CPU
		{A22B9EDE-1F02-4870-ABA1-1BD28D37E2DE}.Release|Any CPU.ActiveCfg = Release|Any CPU
		{A22B9EDE-1F02-4870-ABA1-1BD28D37E2DE}.Release|Any CPU.Build.0 = Release|Any CPU
	EndGlobalSection
	GlobalSection(SolutionProperties) = preSolution
		HideSolutionNode = FALSE
	EndGlobalSection
	GlobalSection(ExtensibilityGlobals) = postSolution
		SolutionGuid = {8732AFCD-C66F-43CE-9997-D9E23E120E56}
	EndGlobalSection
EndGlobal
